
Microsoft Visual Studio Solution File, Format Version 12.00
# Visual Studio Version 16
VisualStudioVersion = 16.0.29521.150
MinimumVisualStudioVersion = 10.0.40219.1
Project("{9A19103F-16F7-4668-BE54-9A1E7A4F7556}") = "ShadySoft.Blazor.AuthService", "ShadySoft.Blazor.AuthService\ShadySoft.Blazor.AuthService.csproj", "{DF7F1164-A7C6-4839-8499-3E1A4902167C}"
EndProject
Global
	GlobalSection(SolutionConfigurationPlatforms) = preSolution
		Debug|Any CPU = Debug|Any CPU
		Release|Any CPU = Release|Any CPU
	EndGlobalSection
	GlobalSection(ProjectConfigurationPlatforms) = postSolution
		{DF7F1164-A7C6-4839-8499-3E1A4902167C}.Debug|Any CPU.ActiveCfg = Debug|Any CPU
		{DF7F1164-A7C6-4839-8499-3E1A4902167C}.Debug|Any CPU.Build.0 = Debug|Any CPU
		{DF7F1164-A7C6-4839-8499-3E1A4902167C}.Release|Any CPU.ActiveCfg = Release|Any CPU
		{DF7F1164-A7C6-4839-8499-3E1A4902167C}.Release|Any CPU.Build.0 = Release|Any CPU
	EndGlobalSection
	GlobalSection(SolutionProperties) = preSolution
		HideSolutionNode = FALSE
	EndGlobalSection
	GlobalSection(ExtensibilityGlobals) = postSolution
		SolutionGuid = {08E2BEEC-486C-4EF4-9D68-489CBE25B7D3}
	EndGlobalSection
EndGlobal
